
Microsoft Visual Studio Solution File, Format Version 12.00
# Visual Studio Version 17
VisualStudioVersion = 17.8.34601.278
MinimumVisualStudioVersion = 10.0.40219.1
Project("{FAE04EC0-301F-11D3-BF4B-00C04F79EFBC}") = "Tema2Console", "Tema2Console\Tema2Console.csproj", "{B31021A6-43D0-4C2E-82E9-B6D48C80CB41}"
EndProject
Global
	GlobalSection(SolutionConfigurationPlatforms) = preSolution
		Debug|Any CPU = Debug|Any CPU
		Release|Any CPU = Release|Any CPU
	EndGlobalSection
	GlobalSection(ProjectConfigurationPlatforms) = postSolution
		{B31021A6-43D0-4C2E-82E9-B6D48C80CB41}.Debug|Any CPU.ActiveCfg = Debug|Any CPU
		{B31021A6-43D0-4C2E-82E9-B6D48C80CB41}.Debug|Any CPU.Build.0 = Debug|Any CPU
		{B31021A6-43D0-4C2E-82E9-B6D48C80CB41}.Release|Any CPU.ActiveCfg = Release|Any CPU
		{B31021A6-43D0-4C2E-82E9-B6D48C80CB41}.Release|Any CPU.Build.0 = Release|Any CPU
	EndGlobalSection
	GlobalSection(SolutionProperties) = preSolution
		HideSolutionNode = FALSE
	EndGlobalSection
	GlobalSection(ExtensibilityGlobals) = postSolution
		SolutionGuid = {CE0DFC09-8944-464B-97C6-33AA738B0E46}
	EndGlobalSection
EndGlobal
